
Microsoft Visual Studio Solution File, Format Version 12.00
# Visual Studio Version 17
VisualStudioVersion = 17.0.31903.59
MinimumVisualStudioVersion = 10.0.40219.1
Project("{FAE04EC0-301F-11D3-BF4B-00C04F79EFBC}") = "CreditoService.Worker", "CreditoService.Worker\CreditoService.Worker.csproj", "{68116E17-5D56-4309-801A-126A71703859}"
EndProject
Project("{FAE04EC0-301F-11D3-BF4B-00C04F79EFBC}") = "Shared", "Shared\Shared.csproj", "{C0F2EA16-39C9-444D-8F49-89C001CC17CF}"
EndProject
Project("{FAE04EC0-301F-11D3-BF4B-00C04F79EFBC}") = "CreditoService.Appplication", "CreditoService.Appplication\CreditoService.Appplication.csproj", "{71FE33B1-559D-4FEE-9723-5555E31C5BB5}"
EndProject
Project("{FAE04EC0-301F-11D3-BF4B-00C04F79EFBC}") = "CreditoService.Domain", "CreditoService.Domain\CreditoService.Domain.csproj", "{297AD354-3670-4D5F-8A4A-0CC036B2F927}"
EndProject
Project("{FAE04EC0-301F-11D3-BF4B-00C04F79EFBC}") = "CreditoService.Infrastructure", "CreditoService.Infrastructure\CreditoService.Infrastructure.csproj", "{1AC9CFF9-AEC6-4809-B3F1-757AF056476C}"
EndProject
Global
	GlobalSection(SolutionConfigurationPlatforms) = preSolution
		Debug|Any CPU = Debug|Any CPU
		Release|Any CPU = Release|Any CPU
	EndGlobalSection
	GlobalSection(SolutionProperties) = preSolution
		HideSolutionNode = FALSE
	EndGlobalSection
	GlobalSection(ProjectConfigurationPlatforms) = postSolution
		{68116E17-5D56-4309-801A-126A71703859}.Debug|Any CPU.ActiveCfg = Debug|Any CPU
		{68116E17-5D56-4309-801A-126A71703859}.Debug|Any CPU.Build.0 = Debug|Any CPU
		{68116E17-5D56-4309-801A-126A71703859}.Release|Any CPU.ActiveCfg = Release|Any CPU
		{68116E17-5D56-4309-801A-126A71703859}.Release|Any CPU.Build.0 = Release|Any CPU
		{C0F2EA16-39C9-444D-8F49-89C001CC17CF}.Debug|Any CPU.ActiveCfg = Debug|Any CPU
		{C0F2EA16-39C9-444D-8F49-89C001CC17CF}.Debug|Any CPU.Build.0 = Debug|Any CPU
		{C0F2EA16-39C9-444D-8F49-89C001CC17CF}.Release|Any CPU.ActiveCfg = Release|Any CPU
		{C0F2EA16-39C9-444D-8F49-89C001CC17CF}.Release|Any CPU.Build.0 = Release|Any CPU
		{71FE33B1-559D-4FEE-9723-5555E31C5BB5}.Debug|Any CPU.ActiveCfg = Debug|Any CPU
		{71FE33B1-559D-4FEE-9723-5555E31C5BB5}.Debug|Any CPU.Build.0 = Debug|Any CPU
		{71FE33B1-559D-4FEE-9723-5555E31C5BB5}.Release|Any CPU.ActiveCfg = Release|Any CPU
		{71FE33B1-559D-4FEE-9723-5555E31C5BB5}.Release|Any CPU.Build.0 = Release|Any CPU
		{297AD354-3670-4D5F-8A4A-0CC036B2F927}.Debug|Any CPU.ActiveCfg = Debug|Any CPU
		{297AD354-3670-4D5F-8A4A-0CC036B2F927}.Debug|Any CPU.Build.0 = Debug|Any CPU
		{297AD354-3670-4D5F-8A4A-0CC036B2F927}.Release|Any CPU.ActiveCfg = Release|Any CPU
		{297AD354-3670-4D5F-8A4A-0CC036B2F927}.Release|Any CPU.Build.0 = Release|Any CPU
		{1AC9CFF9-AEC6-4809-B3F1-757AF056476C}.Debug|Any CPU.ActiveCfg = Debug|Any CPU
		{1AC9CFF9-AEC6-4809-B3F1-757AF056476C}.Debug|Any CPU.Build.0 = Debug|Any CPU
		{1AC9CFF9-AEC6-4809-B3F1-757AF056476C}.Release|Any CPU.ActiveCfg = Release|Any CPU
		{1AC9CFF9-AEC6-4809-B3F1-757AF056476C}.Release|Any CPU.Build.0 = Release|Any CPU
	EndGlobalSection
EndGlobal
